
Microsoft Visual Studio Solution File, Format Version 12.00
# Visual Studio 15
VisualStudioVersion = 15.0.27130.2027
MinimumVisualStudioVersion = 10.0.40219.1
Project("{FAE04EC0-301F-11D3-BF4B-00C04F79EFBC}") = "OpenTable", "OpenTable\OpenTable.csproj", "{6BCF9AAA-A81F-4570-9C9D-CA419D4D1D34}"
EndProject
Global
	GlobalSection(SolutionConfigurationPlatforms) = preSolution
		Debug|Any CPU = Debug|Any CPU
		Release|Any CPU = Release|Any CPU
	EndGlobalSection
	GlobalSection(ProjectConfigurationPlatforms) = postSolution
		{6BCF9AAA-A81F-4570-9C9D-CA419D4D1D34}.Debug|Any CPU.ActiveCfg = Debug|Any CPU
		{6BCF9AAA-A81F-4570-9C9D-CA419D4D1D34}.Debug|Any CPU.Build.0 = Debug|Any CPU
		{6BCF9AAA-A81F-4570-9C9D-CA419D4D1D34}.Release|Any CPU.ActiveCfg = Release|Any CPU
		{6BCF9AAA-A81F-4570-9C9D-CA419D4D1D34}.Release|Any CPU.Build.0 = Release|Any CPU
	EndGlobalSection
	GlobalSection(SolutionProperties) = preSolution
		HideSolutionNode = FALSE
	EndGlobalSection
	GlobalSection(ExtensibilityGlobals) = postSolution
		SolutionGuid = {0AC5CD75-FC45-4143-8DD7-6AD12B9566C1}
	EndGlobalSection
EndGlobal
